
Microsoft Visual Studio Solution File, Format Version 12.00
# Visual Studio Version 17
VisualStudioVersion = 17.3.32825.248
MinimumVisualStudioVersion = 10.0.40219.1
Project("{FAE04EC0-301F-11D3-BF4B-00C04F79EFBC}") = "Browser", "Browser.csproj", "{1FDB5C9A-2C59-4CDF-8EE1-233892874933}"
EndProject
Global
	GlobalSection(SolutionConfigurationPlatforms) = preSolution
		Debug|Any CPU = Debug|Any CPU
		Release|Any CPU = Release|Any CPU
	EndGlobalSection
	GlobalSection(ProjectConfigurationPlatforms) = postSolution
		{1FDB5C9A-2C59-4CDF-8EE1-233892874933}.Debug|Any CPU.ActiveCfg = Debug|Any CPU
		{1FDB5C9A-2C59-4CDF-8EE1-233892874933}.Debug|Any CPU.Build.0 = Debug|Any CPU
		{1FDB5C9A-2C59-4CDF-8EE1-233892874933}.Release|Any CPU.ActiveCfg = Release|Any CPU
		{1FDB5C9A-2C59-4CDF-8EE1-233892874933}.Release|Any CPU.Build.0 = Release|Any CPU
	EndGlobalSection
	GlobalSection(SolutionProperties) = preSolution
		HideSolutionNode = FALSE
	EndGlobalSection
	GlobalSection(ExtensibilityGlobals) = postSolution
		SolutionGuid = {D4431E71-75D7-4D79-8538-4F36C2D25DC5}
	EndGlobalSection
EndGlobal
